
Microsoft Visual Studio Solution File, Format Version 12.00
# Visual Studio Express 2012 for Windows Desktop
Project("{FAE04EC0-301F-11D3-BF4B-00C04F79EFBC}") = "AudioInputOutputManager", "AudioInputOutputManager\AudioInputOutputManager.csproj", "{A355F7E5-5105-47B2-9A8C-41C062C93E13}"
EndProject
Global
	GlobalSection(SolutionConfigurationPlatforms) = preSolution
		Debug|Any CPU = Debug|Any CPU
		Debug|x86 = Debug|x86
		Release|Any CPU = Release|Any CPU
		Release|x86 = Release|x86
	EndGlobalSection
	GlobalSection(ProjectConfigurationPlatforms) = postSolution
		{A355F7E5-5105-47B2-9A8C-41C062C93E13}.Debug|Any CPU.ActiveCfg = Debug|Any CPU
		{A355F7E5-5105-47B2-9A8C-41C062C93E13}.Debug|Any CPU.Build.0 = Debug|Any CPU
		{A355F7E5-5105-47B2-9A8C-41C062C93E13}.Debug|x86.ActiveCfg = Debug|x86
		{A355F7E5-5105-47B2-9A8C-41C062C93E13}.Debug|x86.Build.0 = Debug|x86
		{A355F7E5-5105-47B2-9A8C-41C062C93E13}.Release|Any CPU.ActiveCfg = Release|Any CPU
		{A355F7E5-5105-47B2-9A8C-41C062C93E13}.Release|Any CPU.Build.0 = Release|Any CPU
		{A355F7E5-5105-47B2-9A8C-41C062C93E13}.Release|x86.ActiveCfg = Release|x86
		{A355F7E5-5105-47B2-9A8C-41C062C93E13}.Release|x86.Build.0 = Release|x86
	EndGlobalSection
	GlobalSection(SolutionProperties) = preSolution
		HideSolutionNode = FALSE
	EndGlobalSection
EndGlobal
